
Microsoft Visual Studio Solution File, Format Version 12.00
# Visual Studio Version 17
VisualStudioVersion = 17.13.35919.96 d17.13
MinimumVisualStudioVersion = 10.0.40219.1
Project("{FAE04EC0-301F-11D3-BF4B-00C04F79EFBC}") = "HTMLHelpers", "HTMLHelpers\HTMLHelpers.csproj", "{B62CEE1A-1A5B-4C32-9C60-A779F62DF38F}"
EndProject
Global
	GlobalSection(SolutionConfigurationPlatforms) = preSolution
		Debug|Any CPU = Debug|Any CPU
		Release|Any CPU = Release|Any CPU
	EndGlobalSection
	GlobalSection(ProjectConfigurationPlatforms) = postSolution
		{B62CEE1A-1A5B-4C32-9C60-A779F62DF38F}.Debug|Any CPU.ActiveCfg = Debug|Any CPU
		{B62CEE1A-1A5B-4C32-9C60-A779F62DF38F}.Debug|Any CPU.Build.0 = Debug|Any CPU
		{B62CEE1A-1A5B-4C32-9C60-A779F62DF38F}.Release|Any CPU.ActiveCfg = Release|Any CPU
		{B62CEE1A-1A5B-4C32-9C60-A779F62DF38F}.Release|Any CPU.Build.0 = Release|Any CPU
	EndGlobalSection
	GlobalSection(SolutionProperties) = preSolution
		HideSolutionNode = FALSE
	EndGlobalSection
	GlobalSection(ExtensibilityGlobals) = postSolution
		SolutionGuid = {0A274A26-8E17-4A84-9370-E84E22803BFF}
	EndGlobalSection
EndGlobal
